
Microsoft Visual Studio Solution File, Format Version 12.00
# Visual Studio Version 17
VisualStudioVersion = 17.9.34714.143
MinimumVisualStudioVersion = 10.0.40219.1
Project("{FAE04EC0-301F-11D3-BF4B-00C04F79EFBC}") = "ATIVIDADEGIT", "ATIVIDADEGIT\ATIVIDADEGIT.csproj", "{4FFE66F4-80D1-45A5-B81F-2B8ED8FD5B1F}"
EndProject
Global
	GlobalSection(SolutionConfigurationPlatforms) = preSolution
		Debug|Any CPU = Debug|Any CPU
		Release|Any CPU = Release|Any CPU
	EndGlobalSection
	GlobalSection(ProjectConfigurationPlatforms) = postSolution
		{4FFE66F4-80D1-45A5-B81F-2B8ED8FD5B1F}.Debug|Any CPU.ActiveCfg = Debug|Any CPU
		{4FFE66F4-80D1-45A5-B81F-2B8ED8FD5B1F}.Debug|Any CPU.Build.0 = Debug|Any CPU
		{4FFE66F4-80D1-45A5-B81F-2B8ED8FD5B1F}.Release|Any CPU.ActiveCfg = Release|Any CPU
		{4FFE66F4-80D1-45A5-B81F-2B8ED8FD5B1F}.Release|Any CPU.Build.0 = Release|Any CPU
	EndGlobalSection
	GlobalSection(SolutionProperties) = preSolution
		HideSolutionNode = FALSE
	EndGlobalSection
	GlobalSection(ExtensibilityGlobals) = postSolution
		SolutionGuid = {0B0136D4-2269-4412-AA55-218517149FC2}
	EndGlobalSection
EndGlobal
